
Microsoft Visual Studio Solution File, Format Version 12.00
# Visual Studio Version 17
VisualStudioVersion = 17.13.35825.156 d17.13
MinimumVisualStudioVersion = 10.0.40219.1
Project("{FAE04EC0-301F-11D3-BF4B-00C04F79EFBC}") = "Forge", "Forge.csproj", "{71D9E327-2706-4DFA-9765-903376538E56}"
EndProject
Global
	GlobalSection(SolutionConfigurationPlatforms) = preSolution
		Debug|Any CPU = Debug|Any CPU
		Release|Any CPU = Release|Any CPU
	EndGlobalSection
	GlobalSection(ProjectConfigurationPlatforms) = postSolution
		{71D9E327-2706-4DFA-9765-903376538E56}.Debug|Any CPU.ActiveCfg = Debug|Any CPU
		{71D9E327-2706-4DFA-9765-903376538E56}.Debug|Any CPU.Build.0 = Debug|Any CPU
		{71D9E327-2706-4DFA-9765-903376538E56}.Release|Any CPU.ActiveCfg = Release|Any CPU
		{71D9E327-2706-4DFA-9765-903376538E56}.Release|Any CPU.Build.0 = Release|Any CPU
	EndGlobalSection
	GlobalSection(SolutionProperties) = preSolution
		HideSolutionNode = FALSE
	EndGlobalSection
	GlobalSection(ExtensibilityGlobals) = postSolution
		SolutionGuid = {294ED5E9-75E2-467A-9DC8-5984A7D900D0}
	EndGlobalSection
EndGlobal
